
Microsoft Visual Studio Solution File, Format Version 12.00
# Visual Studio Version 17
VisualStudioVersion = 17.3.32819.101
MinimumVisualStudioVersion = 10.0.40219.1
Project("{9A19103F-16F7-4668-BE54-9A1E7A4F7556}") = "LaboBackEnd", "LaboBackEnd\LaboBackEnd.csproj", "{9C799DE6-36CE-4461-B20D-A9500E581EDD}"
EndProject
Project("{9A19103F-16F7-4668-BE54-9A1E7A4F7556}") = "DbLabo", "DbLabo\DbLabo.csproj", "{32BFB46B-A636-4281-8108-2C5581E19FE9}"
EndProject
Project("{9A19103F-16F7-4668-BE54-9A1E7A4F7556}") = "LaboBLL", "LaboBLL\LaboBLL.csproj", "{B8E05E55-0A25-47F1-ABCB-0B99DFF6F750}"
EndProject
Project("{9A19103F-16F7-4668-BE54-9A1E7A4F7556}") = "JwtBehavior", "JwtBehavior\JwtBehavior.csproj", "{306E2AF1-E290-4AAD-8751-89DC6CC019D8}"
EndProject
Global
	GlobalSection(SolutionConfigurationPlatforms) = preSolution
		Debug|Any CPU = Debug|Any CPU
		Release|Any CPU = Release|Any CPU
	EndGlobalSection
	GlobalSection(ProjectConfigurationPlatforms) = postSolution
		{9C799DE6-36CE-4461-B20D-A9500E581EDD}.Debug|Any CPU.ActiveCfg = Debug|Any CPU
		{9C799DE6-36CE-4461-B20D-A9500E581EDD}.Debug|Any CPU.Build.0 = Debug|Any CPU
		{9C799DE6-36CE-4461-B20D-A9500E581EDD}.Release|Any CPU.ActiveCfg = Release|Any CPU
		{9C799DE6-36CE-4461-B20D-A9500E581EDD}.Release|Any CPU.Build.0 = Release|Any CPU
		{32BFB46B-A636-4281-8108-2C5581E19FE9}.Debug|Any CPU.ActiveCfg = Debug|Any CPU
		{32BFB46B-A636-4281-8108-2C5581E19FE9}.Debug|Any CPU.Build.0 = Debug|Any CPU
		{32BFB46B-A636-4281-8108-2C5581E19FE9}.Release|Any CPU.ActiveCfg = Release|Any CPU
		{32BFB46B-A636-4281-8108-2C5581E19FE9}.Release|Any CPU.Build.0 = Release|Any CPU
		{B8E05E55-0A25-47F1-ABCB-0B99DFF6F750}.Debug|Any CPU.ActiveCfg = Debug|Any CPU
		{B8E05E55-0A25-47F1-ABCB-0B99DFF6F750}.Debug|Any CPU.Build.0 = Debug|Any CPU
		{B8E05E55-0A25-47F1-ABCB-0B99DFF6F750}.Release|Any CPU.ActiveCfg = Release|Any CPU
		{B8E05E55-0A25-47F1-ABCB-0B99DFF6F750}.Release|Any CPU.Build.0 = Release|Any CPU
		{306E2AF1-E290-4AAD-8751-89DC6CC019D8}.Debug|Any CPU.ActiveCfg = Debug|Any CPU
		{306E2AF1-E290-4AAD-8751-89DC6CC019D8}.Debug|Any CPU.Build.0 = Debug|Any CPU
		{306E2AF1-E290-4AAD-8751-89DC6CC019D8}.Release|Any CPU.ActiveCfg = Release|Any CPU
		{306E2AF1-E290-4AAD-8751-89DC6CC019D8}.Release|Any CPU.Build.0 = Release|Any CPU
	EndGlobalSection
	GlobalSection(SolutionProperties) = preSolution
		HideSolutionNode = FALSE
	EndGlobalSection
	GlobalSection(ExtensibilityGlobals) = postSolution
		SolutionGuid = {03523FF4-CC50-45D5-8A6B-15D4EB7BAB97}
	EndGlobalSection
EndGlobal
